// !$*UTF8*$!
{
	archiveVersion = 1;
	classes = {
	};
	objectVersion = 50;
	objects = {

/* Begin PBXBuildFile section */
		560214152555CEC000F2A265 /* POCdataPersistence.xcdatamodeld in Sources */ = {isa = PBXBuildFile; fileRef = 560214132555CEC000F2A265 /* POCdataPersistence.xcdatamodeld */; };
		562D2B912554816000F8E651 /* Mandala+CoreDataClass.swift in Sources */ = {isa = PBXBuildFile; fileRef = 562D2B8F2554816000F8E651 /* Mandala+CoreDataClass.swift */; };
		562D2B922554816000F8E651 /* Mandala+CoreDataProperties.swift in Sources */ = {isa = PBXBuildFile; fileRef = 562D2B902554816000F8E651 /* Mandala+CoreDataProperties.swift */; };
		56B1336A25533643001575B5 /* AppDelegate.swift in Sources */ = {isa = PBXBuildFile; fileRef = 56B1336925533643001575B5 /* AppDelegate.swift */; };
		56B1336C25533643001575B5 /* SceneDelegate.swift in Sources */ = {isa = PBXBuildFile; fileRef = 56B1336B25533643001575B5 /* SceneDelegate.swift */; };
		56B1336E25533643001575B5 /* ViewController.swift in Sources */ = {isa = PBXBuildFile; fileRef = 56B1336D25533643001575B5 /* ViewController.swift */; };
		56B1337125533643001575B5 /* Main.storyboard in Resources */ = {isa = PBXBuildFile; fileRef = 56B1336F25533643001575B5 /* Main.storyboard */; };
		56B1337325533645001575B5 /* Assets.xcassets in Resources */ = {isa = PBXBuildFile; fileRef = 56B1337225533645001575B5 /* Assets.xcassets */; };
		56B1337625533645001575B5 /* LaunchScreen.storyboard in Resources */ = {isa = PBXBuildFile; fileRef = 56B1337425533645001575B5 /* LaunchScreen.storyboard */; };
		56D8722B2555C4A000BCB1D1 /* MandalaVO.swift in Sources */ = {isa = PBXBuildFile; fileRef = 56D8722A2555C4A000BCB1D1 /* MandalaVO.swift */; };
		56D872332555C52E00BCB1D1 /* MandalaDAO.swift in Sources */ = {isa = PBXBuildFile; fileRef = 56D872322555C52E00BCB1D1 /* MandalaDAO.swift */; };
		56D8723B2555C67C00BCB1D1 /* GenericsDAO.swift in Sources */ = {isa = PBXBuildFile; fileRef = 56D8723A2555C67C00BCB1D1 /* GenericsDAO.swift */; };
		56FCF32F2554783500B2A9CC /* CoredataManager.swift in Sources */ = {isa = PBXBuildFile; fileRef = 56FCF32E2554783400B2A9CC /* CoredataManager.swift */; };
		56FCF33325547C7900B2A9CC /* CoreData.framework in Frameworks */ = {isa = PBXBuildFile; fileRef = AD412CDE25546654001D1CE3 /* CoreData.framework */; };
/* End PBXBuildFile section */

/* Begin PBXFileReference section */
		560214142555CEC000F2A265 /* POCdataPersistence.xcdatamodel */ = {isa = PBXFileReference; lastKnownFileType = wrapper.xcdatamodel; path = POCdataPersistence.xcdatamodel; sourceTree = "<group>"; };
		562D2B8F2554816000F8E651 /* Mandala+CoreDataClass.swift */ = {isa = PBXFileReference; lastKnownFileType = sourcecode.swift; path = "Mandala+CoreDataClass.swift"; sourceTree = "<group>"; };
		562D2B902554816000F8E651 /* Mandala+CoreDataProperties.swift */ = {isa = PBXFileReference; lastKnownFileType = sourcecode.swift; path = "Mandala+CoreDataProperties.swift"; sourceTree = "<group>"; };
		56B1336625533643001575B5 /* POCdataPersistence.app */ = {isa = PBXFileReference; explicitFileType = wrapper.application; includeInIndex = 0; path = POCdataPersistence.app; sourceTree = BUILT_PRODUCTS_DIR; };
		56B1336925533643001575B5 /* AppDelegate.swift */ = {isa = PBXFileReference; lastKnownFileType = sourcecode.swift; path = AppDelegate.swift; sourceTree = "<group>"; };
		56B1336B25533643001575B5 /* SceneDelegate.swift */ = {isa = PBXFileReference; lastKnownFileType = sourcecode.swift; path = SceneDelegate.swift; sourceTree = "<group>"; };
		56B1336D25533643001575B5 /* ViewController.swift */ = {isa = PBXFileReference; lastKnownFileType = sourcecode.swift; path = ViewController.swift; sourceTree = "<group>"; };
		56B1337025533643001575B5 /* Base */ = {isa = PBXFileReference; lastKnownFileType = file.storyboard; name = Base; path = Base.lproj/Main.storyboard; sourceTree = "<group>"; };
		56B1337225533645001575B5 /* Assets.xcassets */ = {isa = PBXFileReference; lastKnownFileType = folder.assetcatalog; path = Assets.xcassets; sourceTree = "<group>"; };
		56B1337525533645001575B5 /* Base */ = {isa = PBXFileReference; lastKnownFileType = file.storyboard; name = Base; path = Base.lproj/LaunchScreen.storyboard; sourceTree = "<group>"; };
		56B1337725533645001575B5 /* Info.plist */ = {isa = PBXFileReference; lastKnownFileType = text.plist.xml; path = Info.plist; sourceTree = "<group>"; };
		56D8722A2555C4A000BCB1D1 /* MandalaVO.swift */ = {isa = PBXFileReference; lastKnownFileType = sourcecode.swift; path = MandalaVO.swift; sourceTree = "<group>"; };
		56D872322555C52E00BCB1D1 /* MandalaDAO.swift */ = {isa = PBXFileReference; lastKnownFileType = sourcecode.swift; path = MandalaDAO.swift; sourceTree = "<group>"; };
		56D8723A2555C67C00BCB1D1 /* GenericsDAO.swift */ = {isa = PBXFileReference; fileEncoding = 4; lastKnownFileType = sourcecode.swift; path = GenericsDAO.swift; sourceTree = "<group>"; };
		56FCF32E2554783400B2A9CC /* CoredataManager.swift */ = {isa = PBXFileReference; fileEncoding = 4; lastKnownFileType = sourcecode.swift; path = CoredataManager.swift; sourceTree = "<group>"; };
		AD412CDE25546654001D1CE3 /* CoreData.framework */ = {isa = PBXFileReference; lastKnownFileType = wrapper.framework; name = CoreData.framework; path = System/Library/Frameworks/CoreData.framework; sourceTree = SDKROOT; };
/* End PBXFileReference section */

/* Begin PBXFrameworksBuildPhase section */
		56B1336325533643001575B5 /* Frameworks */ = {
			isa = PBXFrameworksBuildPhase;
			buildActionMask = 2147483647;
			files = (
				56FCF33325547C7900B2A9CC /* CoreData.framework in Frameworks */,
			);
			runOnlyForDeploymentPostprocessing = 0;
		};
/* End PBXFrameworksBuildPhase section */

/* Begin PBXGroup section */
		56B1335D25533643001575B5 = {
			isa = PBXGroup;
			children = (
				56B1336825533643001575B5 /* POCdataPersistence */,
				56B1336725533643001575B5 /* Products */,
				AD412CDD25546653001D1CE3 /* Frameworks */,
			);
			sourceTree = "<group>";
		};
		56B1336725533643001575B5 /* Products */ = {
			isa = PBXGroup;
			children = (
				56B1336625533643001575B5 /* POCdataPersistence.app */,
			);
			name = Products;
			sourceTree = "<group>";
		};
		56B1336825533643001575B5 /* POCdataPersistence */ = {
			isa = PBXGroup;
			children = (
				56D872252555C41A00BCB1D1 /* Model */,
				56B1336925533643001575B5 /* AppDelegate.swift */,
				56B1336B25533643001575B5 /* SceneDelegate.swift */,
				56B1336D25533643001575B5 /* ViewController.swift */,
				56B1336F25533643001575B5 /* Main.storyboard */,
				56B1337225533645001575B5 /* Assets.xcassets */,
				56B1337425533645001575B5 /* LaunchScreen.storyboard */,
				56B1337725533645001575B5 /* Info.plist */,
				560214132555CEC000F2A265 /* POCdataPersistence.xcdatamodeld */,
			);
			path = POCdataPersistence;
			sourceTree = "<group>";
		};
		56D872252555C41A00BCB1D1 /* Model */ = {
			isa = PBXGroup;
			children = (
				56D872272555C44500BCB1D1 /* DAO */,
				56D872282555C48B00BCB1D1 /* CoreDataModel */,
				56D8722A2555C4A000BCB1D1 /* MandalaVO.swift */,
			);
			path = Model;
			sourceTree = "<group>";
		};
		56D872272555C44500BCB1D1 /* DAO */ = {
			isa = PBXGroup;
			children = (
				56D8723A2555C67C00BCB1D1 /* GenericsDAO.swift */,
				56FCF32E2554783400B2A9CC /* CoredataManager.swift */,
				56D872322555C52E00BCB1D1 /* MandalaDAO.swift */,
			);
			path = DAO;
			sourceTree = "<group>";
		};
		56D872282555C48B00BCB1D1 /* CoreDataModel */ = {
			isa = PBXGroup;
			children = (
				562D2B8F2554816000F8E651 /* Mandala+CoreDataClass.swift */,
				562D2B902554816000F8E651 /* Mandala+CoreDataProperties.swift */,
			);
			path = CoreDataModel;
			sourceTree = "<group>";
		};
		AD412CDD25546653001D1CE3 /* Frameworks */ = {
			isa = PBXGroup;
			children = (
				AD412CDE25546654001D1CE3 /* CoreData.framework */,
			);
			name = Frameworks;
			sourceTree = "<group>";
		};
/* End PBXGroup section */

/* Begin PBXNativeTarget section */
		56B1336525533643001575B5 /* POCdataPersistence */ = {
			isa = PBXNativeTarget;
			buildConfigurationList = 56B1337A25533645001575B5 /* Build configuration list for PBXNativeTarget "POCdataPersistence" */;
			buildPhases = (
				56B1336225533643001575B5 /* Sources */,
				56B1336325533643001575B5 /* Frameworks */,
				56B1336425533643001575B5 /* Resources */,
			);
			buildRules = (
			);
			dependencies = (
			);
			name = POCdataPersistence;
			productName = POCdataPersistence;
			productReference = 56B1336625533643001575B5 /* POCdataPersistence.app */;
			productType = "com.apple.product-type.application";
		};
/* End PBXNativeTarget section */

/* Begin PBXProject section */
		56B1335E25533643001575B5 /* Project object */ = {
			isa = PBXProject;
			attributes = {
				LastSwiftUpdateCheck = 1200;
				LastUpgradeCheck = 1200;
				TargetAttributes = {
					56B1336525533643001575B5 = {
						CreatedOnToolsVersion = 12.0.1;
					};
				};
			};
			buildConfigurationList = 56B1336125533643001575B5 /* Build configuration list for PBXProject "POCdataPersistence" */;
			compatibilityVersion = "Xcode 9.3";
			developmentRegion = en;
			hasScannedForEncodings = 0;
			knownRegions = (
				en,
				Base,
			);
			mainGroup = 56B1335D25533643001575B5;
			productRefGroup = 56B1336725533643001575B5 /* Products */;
			projectDirPath = "";
			projectRoot = "";
			targets = (
				56B1336525533643001575B5 /* POCdataPersistence */,
			);
		};
/* End PBXProject section */

/* Begin PBXResourcesBuildPhase section */
		56B1336425533643001575B5 /* Resources */ = {
			isa = PBXResourcesBuildPhase;
			buildActionMask = 2147483647;
			files = (
				56B1337625533645001575B5 /* LaunchScreen.storyboard in Resources */,
				56B1337325533645001575B5 /* Assets.xcassets in Resources */,
				56B1337125533643001575B5 /* Main.storyboard in Resources */,
			);
			runOnlyForDeploymentPostprocessing = 0;
		};
/* End PBXResourcesBuildPhase section */

/* Begin PBXSourcesBuildPhase section */
		56B1336225533643001575B5 /* Sources */ = {
			isa = PBXSourcesBuildPhase;
			buildActionMask = 2147483647;
			files = (
				562D2B922554816000F8E651 /* Mandala+CoreDataProperties.swift in Sources */,
				562D2B912554816000F8E651 /* Mandala+CoreDataClass.swift in Sources */,
				56B1336E25533643001575B5 /* ViewController.swift in Sources */,
				56D872332555C52E00BCB1D1 /* MandalaDAO.swift in Sources */,
				56B1336A25533643001575B5 /* AppDelegate.swift in Sources */,
				56D8723B2555C67C00BCB1D1 /* GenericsDAO.swift in Sources */,
				560214152555CEC000F2A265 /* POCdataPersistence.xcdatamodeld in Sources */,
				56B1336C25533643001575B5 /* SceneDelegate.swift in Sources */,
				56D8722B2555C4A000BCB1D1 /* MandalaVO.swift in Sources */,
				56FCF32F2554783500B2A9CC /* CoredataManager.swift in Sources */,
			);
			runOnlyForDeploymentPostprocessing = 0;
		};
/* End PBXSourcesBuildPhase section */

/* Begin PBXVariantGroup section */
		56B1336F25533643001575B5 /* Main.storyboard */ = {
			isa = PBXVariantGroup;
			children = (
				56B1337025533643001575B5 /* Base */,
			);
			name = Main.storyboard;
			sourceTree = "<group>";
		};
		56B1337425533645001575B5 /* LaunchScreen.storyboard */ = {
			isa = PBXVariantGroup;
			children = (
				56B1337525533645001575B5 /* Base */,
			);
			name = LaunchScreen.storyboard;
			sourceTree = "<group>";
		};
/* End PBXVariantGroup section */

/* Begin XCBuildConfiguration section */
		56B1337825533645001575B5 /* Debug */ = {
			isa = XCBuildConfiguration;
			buildSettings = {
				ALWAYS_SEARCH_USER_PATHS = NO;
				CLANG_ANALYZER_NONNULL = YES;
				CLANG_ANALYZER_NUMBER_OBJECT_CONVERSION = YES_AGGRESSIVE;
				CLANG_CXX_LANGUAGE_STANDARD = "gnu++14";
				CLANG_CXX_LIBRARY = "libc++";
				CLANG_ENABLE_MODULES = YES;
				CLANG_ENABLE_OBJC_ARC = YES;
				CLANG_ENABLE_OBJC_WEAK = YES;
				CLANG_WARN_BLOCK_CAPTURE_AUTORELEASING = YES;
				CLANG_WARN_BOOL_CONVERSION = YES;
				CLANG_WARN_COMMA = YES;
				CLANG_WARN_CONSTANT_CONVERSION = YES;
				CLANG_WARN_DEPRECATED_OBJC_IMPLEMENTATIONS = YES;
				CLANG_WARN_DIRECT_OBJC_ISA_USAGE = YES_ERROR;
				CLANG_WARN_DOCUMENTATION_COMMENTS = YES;
				CLANG_WARN_EMPTY_BODY = YES;
				CLANG_WARN_ENUM_CONVERSION = YES;
				CLANG_WARN_INFINITE_RECURSION = YES;
				CLANG_WARN_INT_CONVERSION = YES;
				CLANG_WARN_NON_LITERAL_NULL_CONVERSION = YES;
				CLANG_WARN_OBJC_IMPLICIT_RETAIN_SELF = YES;
				CLANG_WARN_OBJC_LITERAL_CONVERSION = YES;
				CLANG_WARN_OBJC_ROOT_CLASS = YES_ERROR;
				CLANG_WARN_QUOTED_INCLUDE_IN_FRAMEWORK_HEADER = YES;
				CLANG_WARN_RANGE_LOOP_ANALYSIS = YES;
				CLANG_WARN_STRICT_PROTOTYPES = YES;
				CLANG_WARN_SUSPICIOUS_MOVE = YES;
				CLANG_WARN_UNGUARDED_AVAILABILITY = YES_AGGRESSIVE;
				CLANG_WARN_UNREACHABLE_CODE = YES;
				CLANG_WARN__DUPLICATE_METHOD_MATCH = YES;
				COPY_PHASE_STRIP = NO;
				DEBUG_INFORMATION_FORMAT = dwarf;
				ENABLE_STRICT_OBJC_MSGSEND = YES;
				ENABLE_TESTABILITY = YES;
				GCC_C_LANGUAGE_STANDARD = gnu11;
				GCC_DYNAMIC_NO_PIC = NO;
				GCC_NO_COMMON_BLOCKS = YES;
				GCC_OPTIMIZATION_LEVEL = 0;
				GCC_PREPROCESSOR_DEFINITIONS = (
					"DEBUG=1",
					"$(inherited)",
				);
				GCC_WARN_64_TO_32_BIT_CONVERSION = YES;
				GCC_WARN_ABOUT_RETURN_TYPE = YES_ERROR;
				GCC_WARN_UNDECLARED_SELECTOR = YES;
				GCC_WARN_UNINITIALIZED_AUTOS = YES_AGGRESSIVE;
				GCC_WARN_UNUSED_FUNCTION = YES;
				GCC_WARN_UNUSED_VARIABLE = YES;
				IPHONEOS_DEPLOYMENT_TARGET = 12.0;
				MTL_ENABLE_DEBUG_INFO = INCLUDE_SOURCE;
				MTL_FAST_MATH = YES;
				ONLY_ACTIVE_ARCH = YES;
				SDKROOT = iphoneos;
				SWIFT_ACTIVE_COMPILATION_CONDITIONS = DEBUG;
				SWIFT_OPTIMIZATION_LEVEL = "-Onone";
			};
			name = Debug;
		};
		56B1337925533645001575B5 /* Release */ = {
			isa = XCBuildConfiguration;
			buildSettings = {
				ALWAYS_SEARCH_USER_PATHS = NO;
				CLANG_ANALYZER_NONNULL = YES;
				CLANG_ANALYZER_NUMBER_OBJECT_CONVERSION = YES_AGGRESSIVE;
				CLANG_CXX_LANGUAGE_STANDARD = "gnu++14";
				CLANG_CXX_LIBRARY = "libc++";
				CLANG_ENABLE_MODULES = YES;
				CLANG_ENABLE_OBJC_ARC = YES;
				CLANG_ENABLE_OBJC_WEAK = YES;
				CLANG_WARN_BLOCK_CAPTURE_AUTORELEASING = YES;
				CLANG_WARN_BOOL_CONVERSION = YES;
				CLANG_WARN_COMMA = YES;
				CLANG_WARN_CONSTANT_CONVERSION = YES;
				CLANG_WARN_DEPRECATED_OBJC_IMPLEMENTATIONS = YES;
				CLANG_WARN_DIRECT_OBJC_ISA_USAGE = YES_ERROR;
				CLANG_WARN_DOCUMENTATION_COMMENTS = YES;
				CLANG_WARN_EMPTY_BODY = YES;
				CLANG_WARN_ENUM_CONVERSION = YES;
				CLANG_WARN_INFINITE_RECURSION = YES;
				CLANG_WARN_INT_CONVERSION = YES;
				CLANG_WARN_NON_LITERAL_NULL_CONVERSION = YES;
				CLANG_WARN_OBJC_IMPLICIT_RETAIN_SELF = YES;
				CLANG_WARN_OBJC_LITERAL_CONVERSION = YES;
				CLANG_WARN_OBJC_ROOT_CLASS = YES_ERROR;
				CLANG_WARN_QUOTED_INCLUDE_IN_FRAMEWORK_HEADER = YES;
				CLANG_WARN_RANGE_LOOP_ANALYSIS = YES;
				CLANG_WARN_STRICT_PROTOTYPES = YES;
				CLANG_WARN_SUSPICIOUS_MOVE = YES;
				CLANG_WARN_UNGUARDED_AVAILABILITY = YES_AGGRESSIVE;
				CLANG_WARN_UNREACHABLE_CODE = YES;
				CLANG_WARN__DUPLICATE_METHOD_MATCH = YES;
				COPY_PHASE_STRIP = NO;
				DEBUG_INFORMATION_FORMAT = "dwarf-with-dsym";
				ENABLE_NS_ASSERTIONS = NO;
				ENABLE_STRICT_OBJC_MSGSEND = YES;
				GCC_C_LANGUAGE_STANDARD = gnu11;
				GCC_NO_COMMON_BLOCKS = YES;
				GCC_WARN_64_TO_32_BIT_CONVERSION = YES;
				GCC_WARN_ABOUT_RETURN_TYPE = YES_ERROR;
				GCC_WARN_UNDECLARED_SELECTOR = YES;
				GCC_WARN_UNINITIALIZED_AUTOS = YES_AGGRESSIVE;
				GCC_WARN_UNUSED_FUNCTION = YES;
				GCC_WARN_UNUSED_VARIABLE = YES;
				IPHONEOS_DEPLOYMENT_TARGET = 12.0;
				MTL_ENABLE_DEBUG_INFO = NO;
				MTL_FAST_MATH = YES;
				SDKROOT = iphoneos;
				SWIFT_COMPILATION_MODE = wholemodule;
				SWIFT_OPTIMIZATION_LEVEL = "-O";
				VALIDATE_PRODUCT = YES;
			};
			name = Release;
		};
		56B1337B25533645001575B5 /* Debug */ = {
			isa = XCBuildConfiguration;
			buildSettings = {
				ASSETCATALOG_COMPILER_APPICON_NAME = AppIcon;
				ASSETCATALOG_COMPILER_GLOBAL_ACCENT_COLOR_NAME = AccentColor;
				CODE_SIGN_STYLE = Automatic;
				DEVELOPMENT_TEAM = GJUSD98938;
				INFOPLIST_FILE = POCdataPersistence/Info.plist;
				IPHONEOS_DEPLOYMENT_TARGET = 12.0;
				LD_RUNPATH_SEARCH_PATHS = (
					"$(inherited)",
					"@executable_path/Frameworks",
				);
				PRODUCT_BUNDLE_IDENTIFIER = bgpv.academyChallenge.POCdataPersistence;
				PRODUCT_NAME = "$(TARGET_NAME)";
				SWIFT_VERSION = 5.0;
				TARGETED_DEVICE_FAMILY = 1;
			};
			name = Debug;
		};
		56B1337C25533645001575B5 /* Release */ = {
			isa = XCBuildConfiguration;
			buildSettings = {
				ASSETCATALOG_COMPILER_APPICON_NAME = AppIcon;
				ASSETCATALOG_COMPILER_GLOBAL_ACCENT_COLOR_NAME = AccentColor;
				CODE_SIGN_STYLE = Automatic;
				DEVELOPMENT_TEAM = GJUSD98938;
				INFOPLIST_FILE = POCdataPersistence/Info.plist;
				IPHONEOS_DEPLOYMENT_TARGET = 12.0;
				LD_RUNPATH_SEARCH_PATHS = (
					"$(inherited)",
					"@executable_path/Frameworks",
				);
				PRODUCT_BUNDLE_IDENTIFIER = bgpv.academyChallenge.POCdataPersistence;
				PRODUCT_NAME = "$(TARGET_NAME)";
				SWIFT_VERSION = 5.0;
				TARGETED_DEVICE_FAMILY = 1;
			};
			name = Release;
		};
/* End XCBuildConfiguration section */

/* Begin XCConfigurationList section */
		56B1336125533643001575B5 /* Build configuration list for PBXProject "POCdataPersistence" */ = {
			isa = XCConfigurationList;
			buildConfigurations = (
				56B1337825533645001575B5 /* Debug */,
				56B1337925533645001575B5 /* Release */,
			);
			defaultConfigurationIsVisible = 0;
			defaultConfigurationName = Release;
		};
		56B1337A25533645001575B5 /* Build configuration list for PBXNativeTarget "POCdataPersistence" */ = {
			isa = XCConfigurationList;
			buildConfigurations = (
				56B1337B25533645001575B5 /* Debug */,
				56B1337C25533645001575B5 /* Release */,
			);
			defaultConfigurationIsVisible = 0;
			defaultConfigurationName = Release;
		};
/* End XCConfigurationList section */

/* Begin XCVersionGroup section */
		560214132555CEC000F2A265 /* POCdataPersistence.xcdatamodeld */ = {
			isa = XCVersionGroup;
			children = (
				560214142555CEC000F2A265 /* POCdataPersistence.xcdatamodel */,
			);
			currentVersion = 560214142555CEC000F2A265 /* POCdataPersistence.xcdatamodel */;
			path = POCdataPersistence.xcdatamodeld;
			sourceTree = "<group>";
			versionGroupType = wrapper.xcdatamodel;
		};
/* End XCVersionGroup section */
	};
	rootObject = 56B1335E25533643001575B5 /* Project object */;
}
